
Microsoft Visual Studio Solution File, Format Version 12.00
# Visual Studio Version 17
VisualStudioVersion = 17.3.32929.385
MinimumVisualStudioVersion = 10.0.40219.1
Project("{FAE04EC0-301F-11D3-BF4B-00C04F79EFBC}") = "Prezentacja", "Prezentacja.csproj", "{A548BF02-AB27-4D81-882C-BCD49324EA8B}"
EndProject
Global
	GlobalSection(SolutionConfigurationPlatforms) = preSolution
		Debug|Any CPU = Debug|Any CPU
		Release|Any CPU = Release|Any CPU
	EndGlobalSection
	GlobalSection(ProjectConfigurationPlatforms) = postSolution
		{A548BF02-AB27-4D81-882C-BCD49324EA8B}.Debug|Any CPU.ActiveCfg = Debug|Any CPU
		{A548BF02-AB27-4D81-882C-BCD49324EA8B}.Debug|Any CPU.Build.0 = Debug|Any CPU
		{A548BF02-AB27-4D81-882C-BCD49324EA8B}.Release|Any CPU.ActiveCfg = Release|Any CPU
		{A548BF02-AB27-4D81-882C-BCD49324EA8B}.Release|Any CPU.Build.0 = Release|Any CPU
	EndGlobalSection
	GlobalSection(SolutionProperties) = preSolution
		HideSolutionNode = FALSE
	EndGlobalSection
	GlobalSection(ExtensibilityGlobals) = postSolution
		SolutionGuid = {B03D20BB-ADDA-4655-913B-4F71361F59A6}
	EndGlobalSection
EndGlobal
